// !$*UTF8*$!
{
	archiveVersion = 1;
	classes = {
	};
	objectVersion = 50;
	objects = {

/* Begin PBXBuildFile section */
		D8559922236A0AC1009F7618 /* AppDelegate.swift in Sources */ = {isa = PBXBuildFile; fileRef = D8559921236A0AC1009F7618 /* AppDelegate.swift */; };
		D8559924236A0AC1009F7618 /* ViewController.swift in Sources */ = {isa = PBXBuildFile; fileRef = D8559923236A0AC1009F7618 /* ViewController.swift */; };
		D8559927236A0AC1009F7618 /* Main.storyboard in Resources */ = {isa = PBXBuildFile; fileRef = D8559925236A0AC1009F7618 /* Main.storyboard */; };
		D855992A236A0AC1009F7618 /* TodoesBase.xcdatamodeld in Sources */ = {isa = PBXBuildFile; fileRef = D8559928236A0AC1009F7618 /* TodoesBase.xcdatamodeld */; };
		D855992C236A0AC5009F7618 /* Assets.xcassets in Resources */ = {isa = PBXBuildFile; fileRef = D855992B236A0AC5009F7618 /* Assets.xcassets */; };
		D855992F236A0AC5009F7618 /* LaunchScreen.storyboard in Resources */ = {isa = PBXBuildFile; fileRef = D855992D236A0AC5009F7618 /* LaunchScreen.storyboard */; };
		D855993A236A0AC5009F7618 /* TodoesBaseTests.swift in Sources */ = {isa = PBXBuildFile; fileRef = D8559939236A0AC5009F7618 /* TodoesBaseTests.swift */; };
		D8559945236A0AE3009F7618 /* CoreDataStack.swift in Sources */ = {isa = PBXBuildFile; fileRef = D8559944236A0AE3009F7618 /* CoreDataStack.swift */; };
		D8657803236A5E6D009F1CF9 /* Category+CoreDataClass.swift in Sources */ = {isa = PBXBuildFile; fileRef = D86577FF236A5E6D009F1CF9 /* Category+CoreDataClass.swift */; };
		D8657804236A5E6D009F1CF9 /* Category+CoreDataProperties.swift in Sources */ = {isa = PBXBuildFile; fileRef = D8657800236A5E6D009F1CF9 /* Category+CoreDataProperties.swift */; };
		D8657805236A5E6D009F1CF9 /* Item+CoreDataClass.swift in Sources */ = {isa = PBXBuildFile; fileRef = D8657801236A5E6D009F1CF9 /* Item+CoreDataClass.swift */; };
		D8657806236A5E6D009F1CF9 /* Item+CoreDataProperties.swift in Sources */ = {isa = PBXBuildFile; fileRef = D8657802236A5E6D009F1CF9 /* Item+CoreDataProperties.swift */; };
		D865780A236A6507009F1CF9 /* ItemToCategoryMigrationPolicyV1toV2.swift in Sources */ = {isa = PBXBuildFile; fileRef = D8657809236A6507009F1CF9 /* ItemToCategoryMigrationPolicyV1toV2.swift */; };
		D865781C236A951A009F1CF9 /* TodoesBase_v1_to_v2.xcmappingmodel in Sources */ = {isa = PBXBuildFile; fileRef = D865781B236A951A009F1CF9 /* TodoesBase_v1_to_v2.xcmappingmodel */; };
		D8BB1437236B2AA1003F5D4A /* CategoryTableViewController.swift in Sources */ = {isa = PBXBuildFile; fileRef = D8BB1436236B2AA1003F5D4A /* CategoryTableViewController.swift */; };
/* End PBXBuildFile section */

/* Begin PBXContainerItemProxy section */
		D8559936236A0AC5009F7618 /* PBXContainerItemProxy */ = {
			isa = PBXContainerItemProxy;
			containerPortal = D8559916236A0AC1009F7618 /* Project object */;
			proxyType = 1;
			remoteGlobalIDString = D855991D236A0AC1009F7618;
			remoteInfo = TodoesBase;
		};
/* End PBXContainerItemProxy section */

/* Begin PBXFileReference section */
		28C01C22237CEB8D00FE4672 /* README.md */ = {isa = PBXFileReference; lastKnownFileType = net.daringfireball.markdown; path = README.md; sourceTree = "<group>"; };
		D855991E236A0AC1009F7618 /* TodoesBase.app */ = {isa = PBXFileReference; explicitFileType = wrapper.application; includeInIndex = 0; path = TodoesBase.app; sourceTree = BUILT_PRODUCTS_DIR; };
		D8559921236A0AC1009F7618 /* AppDelegate.swift */ = {isa = PBXFileReference; lastKnownFileType = sourcecode.swift; path = AppDelegate.swift; sourceTree = "<group>"; };
		D8559923236A0AC1009F7618 /* ViewController.swift */ = {isa = PBXFileReference; lastKnownFileType = sourcecode.swift; path = ViewController.swift; sourceTree = "<group>"; };
		D8559926236A0AC1009F7618 /* Base */ = {isa = PBXFileReference; lastKnownFileType = file.storyboard; name = Base; path = Base.lproj/Main.storyboard; sourceTree = "<group>"; };
		D8559929236A0AC1009F7618 /* TodoesBase.xcdatamodel */ = {isa = PBXFileReference; lastKnownFileType = wrapper.xcdatamodel; path = TodoesBase.xcdatamodel; sourceTree = "<group>"; };
		D855992B236A0AC5009F7618 /* Assets.xcassets */ = {isa = PBXFileReference; lastKnownFileType = folder.assetcatalog; path = Assets.xcassets; sourceTree = "<group>"; };
		D855992E236A0AC5009F7618 /* Base */ = {isa = PBXFileReference; lastKnownFileType = file.storyboard; name = Base; path = Base.lproj/LaunchScreen.storyboard; sourceTree = "<group>"; };
		D8559930236A0AC5009F7618 /* Info.plist */ = {isa = PBXFileReference; lastKnownFileType = text.plist.xml; path = Info.plist; sourceTree = "<group>"; };
		D8559935236A0AC5009F7618 /* TodoesBaseTests.xctest */ = {isa = PBXFileReference; explicitFileType = wrapper.cfbundle; includeInIndex = 0; path = TodoesBaseTests.xctest; sourceTree = BUILT_PRODUCTS_DIR; };
		D8559939236A0AC5009F7618 /* TodoesBaseTests.swift */ = {isa = PBXFileReference; lastKnownFileType = sourcecode.swift; path = TodoesBaseTests.swift; sourceTree = "<group>"; };
		D855993B236A0AC5009F7618 /* Info.plist */ = {isa = PBXFileReference; lastKnownFileType = text.plist.xml; path = Info.plist; sourceTree = "<group>"; };
		D8559944236A0AE3009F7618 /* CoreDataStack.swift */ = {isa = PBXFileReference; fileEncoding = 4; lastKnownFileType = sourcecode.swift; path = CoreDataStack.swift; sourceTree = "<group>"; };
		D86577F0236A2BCD009F1CF9 /* TodoesBase v2.xcdatamodel */ = {isa = PBXFileReference; lastKnownFileType = wrapper.xcdatamodel; path = "TodoesBase v2.xcdatamodel"; sourceTree = "<group>"; };
		D86577FF236A5E6D009F1CF9 /* Category+CoreDataClass.swift */ = {isa = PBXFileReference; lastKnownFileType = sourcecode.swift; path = "Category+CoreDataClass.swift"; sourceTree = "<group>"; };
		D8657800236A5E6D009F1CF9 /* Category+CoreDataProperties.swift */ = {isa = PBXFileReference; lastKnownFileType = sourcecode.swift; path = "Category+CoreDataProperties.swift"; sourceTree = "<group>"; };
		D8657801236A5E6D009F1CF9 /* Item+CoreDataClass.swift */ = {isa = PBXFileReference; lastKnownFileType = sourcecode.swift; path = "Item+CoreDataClass.swift"; sourceTree = "<group>"; };
		D8657802236A5E6D009F1CF9 /* Item+CoreDataProperties.swift */ = {isa = PBXFileReference; lastKnownFileType = sourcecode.swift; path = "Item+CoreDataProperties.swift"; sourceTree = "<group>"; };
		D8657809236A6507009F1CF9 /* ItemToCategoryMigrationPolicyV1toV2.swift */ = {isa = PBXFileReference; lastKnownFileType = sourcecode.swift; path = ItemToCategoryMigrationPolicyV1toV2.swift; sourceTree = "<group>"; };
		D865781B236A951A009F1CF9 /* TodoesBase_v1_to_v2.xcmappingmodel */ = {isa = PBXFileReference; lastKnownFileType = wrapper.xcmappingmodel; path = TodoesBase_v1_to_v2.xcmappingmodel; sourceTree = "<group>"; };
		D8BB1436236B2AA1003F5D4A /* CategoryTableViewController.swift */ = {isa = PBXFileReference; lastKnownFileType = sourcecode.swift; path = CategoryTableViewController.swift; sourceTree = "<group>"; };
/* End PBXFileReference section */

/* Begin PBXFrameworksBuildPhase section */
		D855991B236A0AC1009F7618 /* Frameworks */ = {
			isa = PBXFrameworksBuildPhase;
			buildActionMask = 2147483647;
			files = (
			);
			runOnlyForDeploymentPostprocessing = 0;
		};
		D8559932236A0AC5009F7618 /* Frameworks */ = {
			isa = PBXFrameworksBuildPhase;
			buildActionMask = 2147483647;
			files = (
			);
			runOnlyForDeploymentPostprocessing = 0;
		};
/* End PBXFrameworksBuildPhase section */

/* Begin PBXGroup section */
		D8559915236A0AC1009F7618 = {
			isa = PBXGroup;
			children = (
				28C01C22237CEB8D00FE4672 /* README.md */,
				D8559920236A0AC1009F7618 /* TodoesBase */,
				D8559938236A0AC5009F7618 /* TodoesBaseTests */,
				D855991F236A0AC1009F7618 /* Products */,
			);
			sourceTree = "<group>";
		};
		D855991F236A0AC1009F7618 /* Products */ = {
			isa = PBXGroup;
			children = (
				D855991E236A0AC1009F7618 /* TodoesBase.app */,
				D8559935236A0AC5009F7618 /* TodoesBaseTests.xctest */,
			);
			name = Products;
			sourceTree = "<group>";
		};
		D8559920236A0AC1009F7618 /* TodoesBase */ = {
			isa = PBXGroup;
			children = (
				D8BB143C236B2B13003F5D4A /* Controller */,
				D8BB143B236B2B0D003F5D4A /* View */,
				D8BB143A236B2AEC003F5D4A /* Models */,
				D8BB1438236B2ABC003F5D4A /* CoreData */,
				D8559921236A0AC1009F7618 /* AppDelegate.swift */,
				D8BB1439236B2ADF003F5D4A /* SupportingFiles */,
			);
			path = TodoesBase;
			sourceTree = "<group>";
		};
		D8559938236A0AC5009F7618 /* TodoesBaseTests */ = {
			isa = PBXGroup;
			children = (
				D8559939236A0AC5009F7618 /* TodoesBaseTests.swift */,
				D855993B236A0AC5009F7618 /* Info.plist */,
			);
			path = TodoesBaseTests;
			sourceTree = "<group>";
		};
		D8BB1438236B2ABC003F5D4A /* CoreData */ = {
			isa = PBXGroup;
			children = (
				D8559944236A0AE3009F7618 /* CoreDataStack.swift */,
				D8559928236A0AC1009F7618 /* TodoesBase.xcdatamodeld */,
				D8657809236A6507009F1CF9 /* ItemToCategoryMigrationPolicyV1toV2.swift */,
				D865781B236A951A009F1CF9 /* TodoesBase_v1_to_v2.xcmappingmodel */,
			);
			path = CoreData;
			sourceTree = "<group>";
		};
		D8BB1439236B2ADF003F5D4A /* SupportingFiles */ = {
			isa = PBXGroup;
			children = (
				D855992B236A0AC5009F7618 /* Assets.xcassets */,
				D8559930236A0AC5009F7618 /* Info.plist */,
			);
			path = SupportingFiles;
			sourceTree = "<group>";
		};
		D8BB143A236B2AEC003F5D4A /* Models */ = {
			isa = PBXGroup;
			children = (
				D86577FF236A5E6D009F1CF9 /* Category+CoreDataClass.swift */,
				D8657800236A5E6D009F1CF9 /* Category+CoreDataProperties.swift */,
				D8657801236A5E6D009F1CF9 /* Item+CoreDataClass.swift */,
				D8657802236A5E6D009F1CF9 /* Item+CoreDataProperties.swift */,
			);
			path = Models;
			sourceTree = "<group>";
		};
		D8BB143B236B2B0D003F5D4A /* View */ = {
			isa = PBXGroup;
			children = (
				D8559925236A0AC1009F7618 /* Main.storyboard */,
				D855992D236A0AC5009F7618 /* LaunchScreen.storyboard */,
			);
			path = View;
			sourceTree = "<group>";
		};
		D8BB143C236B2B13003F5D4A /* Controller */ = {
			isa = PBXGroup;
			children = (
				D8BB1436236B2AA1003F5D4A /* CategoryTableViewController.swift */,
				D8559923236A0AC1009F7618 /* ViewController.swift */,
			);
			path = Controller;
			sourceTree = "<group>";
		};
/* End PBXGroup section */

/* Begin PBXNativeTarget section */
		D855991D236A0AC1009F7618 /* TodoesBase */ = {
			isa = PBXNativeTarget;
			buildConfigurationList = D855993E236A0AC5009F7618 /* Build configuration list for PBXNativeTarget "TodoesBase" */;
			buildPhases = (
				D855991A236A0AC1009F7618 /* Sources */,
				D855991B236A0AC1009F7618 /* Frameworks */,
				D855991C236A0AC1009F7618 /* Resources */,
			);
			buildRules = (
			);
			dependencies = (
			);
			name = TodoesBase;
			productName = TodoesBase;
			productReference = D855991E236A0AC1009F7618 /* TodoesBase.app */;
			productType = "com.apple.product-type.application";
		};
		D8559934236A0AC5009F7618 /* TodoesBaseTests */ = {
			isa = PBXNativeTarget;
			buildConfigurationList = D8559941236A0AC5009F7618 /* Build configuration list for PBXNativeTarget "TodoesBaseTests" */;
			buildPhases = (
				D8559931236A0AC5009F7618 /* Sources */,
				D8559932236A0AC5009F7618 /* Frameworks */,
				D8559933236A0AC5009F7618 /* Resources */,
			);
			buildRules = (
			);
			dependencies = (
				D8559937236A0AC5009F7618 /* PBXTargetDependency */,
			);
			name = TodoesBaseTests;
			productName = TodoesBaseTests;
			productReference = D8559935236A0AC5009F7618 /* TodoesBaseTests.xctest */;
			productType = "com.apple.product-type.bundle.unit-test";
		};
/* End PBXNativeTarget section */

/* Begin PBXProject section */
		D8559916236A0AC1009F7618 /* Project object */ = {
			isa = PBXProject;
			attributes = {
				LastSwiftUpdateCheck = 1010;
				LastUpgradeCheck = 1010;
				ORGANIZATIONNAME = "Marcos Felipe Souza";
				TargetAttributes = {
					D855991D236A0AC1009F7618 = {
						CreatedOnToolsVersion = 10.1;
					};
					D8559934236A0AC5009F7618 = {
						CreatedOnToolsVersion = 10.1;
						TestTargetID = D855991D236A0AC1009F7618;
					};
				};
			};
			buildConfigurationList = D8559919236A0AC1009F7618 /* Build configuration list for PBXProject "TodoesBase" */;
			compatibilityVersion = "Xcode 9.3";
			developmentRegion = en;
			hasScannedForEncodings = 0;
			knownRegions = (
				en,
				Base,
			);
			mainGroup = D8559915236A0AC1009F7618;
			productRefGroup = D855991F236A0AC1009F7618 /* Products */;
			projectDirPath = "";
			projectRoot = "";
			targets = (
				D855991D236A0AC1009F7618 /* TodoesBase */,
				D8559934236A0AC5009F7618 /* TodoesBaseTests */,
			);
		};
/* End PBXProject section */

/* Begin PBXResourcesBuildPhase section */
		D855991C236A0AC1009F7618 /* Resources */ = {
			isa = PBXResourcesBuildPhase;
			buildActionMask = 2147483647;
			files = (
				D855992F236A0AC5009F7618 /* LaunchScreen.storyboard in Resources */,
				D855992C236A0AC5009F7618 /* Assets.xcassets in Resources */,
				D8559927236A0AC1009F7618 /* Main.storyboard in Resources */,
			);
			runOnlyForDeploymentPostprocessing = 0;
		};
		D8559933236A0AC5009F7618 /* Resources */ = {
			isa = PBXResourcesBuildPhase;
			buildActionMask = 2147483647;
			files = (
			);
			runOnlyForDeploymentPostprocessing = 0;
		};
/* End PBXResourcesBuildPhase section */

/* Begin PBXSourcesBuildPhase section */
		D855991A236A0AC1009F7618 /* Sources */ = {
			isa = PBXSourcesBuildPhase;
			buildActionMask = 2147483647;
			files = (
				D8657804236A5E6D009F1CF9 /* Category+CoreDataProperties.swift in Sources */,
				D8559924236A0AC1009F7618 /* ViewController.swift in Sources */,
				D8657803236A5E6D009F1CF9 /* Category+CoreDataClass.swift in Sources */,
				D8559922236A0AC1009F7618 /* AppDelegate.swift in Sources */,
				D8BB1437236B2AA1003F5D4A /* CategoryTableViewController.swift in Sources */,
				D855992A236A0AC1009F7618 /* TodoesBase.xcdatamodeld in Sources */,
				D8657806236A5E6D009F1CF9 /* Item+CoreDataProperties.swift in Sources */,
				D8657805236A5E6D009F1CF9 /* Item+CoreDataClass.swift in Sources */,
				D865780A236A6507009F1CF9 /* ItemToCategoryMigrationPolicyV1toV2.swift in Sources */,
				D865781C236A951A009F1CF9 /* TodoesBase_v1_to_v2.xcmappingmodel in Sources */,
				D8559945236A0AE3009F7618 /* CoreDataStack.swift in Sources */,
			);
			runOnlyForDeploymentPostprocessing = 0;
		};
		D8559931236A0AC5009F7618 /* Sources */ = {
			isa = PBXSourcesBuildPhase;
			buildActionMask = 2147483647;
			files = (
				D855993A236A0AC5009F7618 /* TodoesBaseTests.swift in Sources */,
			);
			runOnlyForDeploymentPostprocessing = 0;
		};
/* End PBXSourcesBuildPhase section */

/* Begin PBXTargetDependency section */
		D8559937236A0AC5009F7618 /* PBXTargetDependency */ = {
			isa = PBXTargetDependency;
			target = D855991D236A0AC1009F7618 /* TodoesBase */;
			targetProxy = D8559936236A0AC5009F7618 /* PBXContainerItemProxy */;
		};
/* End PBXTargetDependency section */

/* Begin PBXVariantGroup section */
		D8559925236A0AC1009F7618 /* Main.storyboard */ = {
			isa = PBXVariantGroup;
			children = (
				D8559926236A0AC1009F7618 /* Base */,
			);
			name = Main.storyboard;
			sourceTree = "<group>";
		};
		D855992D236A0AC5009F7618 /* LaunchScreen.storyboard */ = {
			isa = PBXVariantGroup;
			children = (
				D855992E236A0AC5009F7618 /* Base */,
			);
			name = LaunchScreen.storyboard;
			sourceTree = "<group>";
		};
/* End PBXVariantGroup section */

/* Begin XCBuildConfiguration section */
		D855993C236A0AC5009F7618 /* Debug */ = {
			isa = XCBuildConfiguration;
			buildSettings = {
				ALWAYS_SEARCH_USER_PATHS = NO;
				CLANG_ANALYZER_NONNULL = YES;
				CLANG_ANALYZER_NUMBER_OBJECT_CONVERSION = YES_AGGRESSIVE;
				CLANG_CXX_LANGUAGE_STANDARD = "gnu++14";
				CLANG_CXX_LIBRARY = "libc++";
				CLANG_ENABLE_MODULES = YES;
				CLANG_ENABLE_OBJC_ARC = YES;
				CLANG_ENABLE_OBJC_WEAK = YES;
				CLANG_WARN_BLOCK_CAPTURE_AUTORELEASING = YES;
				CLANG_WARN_BOOL_CONVERSION = YES;
				CLANG_WARN_COMMA = YES;
				CLANG_WARN_CONSTANT_CONVERSION = YES;
				CLANG_WARN_DEPRECATED_OBJC_IMPLEMENTATIONS = YES;
				CLANG_WARN_DIRECT_OBJC_ISA_USAGE = YES_ERROR;
				CLANG_WARN_DOCUMENTATION_COMMENTS = YES;
				CLANG_WARN_EMPTY_BODY = YES;
				CLANG_WARN_ENUM_CONVERSION = YES;
				CLANG_WARN_INFINITE_RECURSION = YES;
				CLANG_WARN_INT_CONVERSION = YES;
				CLANG_WARN_NON_LITERAL_NULL_CONVERSION = YES;
				CLANG_WARN_OBJC_IMPLICIT_RETAIN_SELF = YES;
				CLANG_WARN_OBJC_LITERAL_CONVERSION = YES;
				CLANG_WARN_OBJC_ROOT_CLASS = YES_ERROR;
				CLANG_WARN_RANGE_LOOP_ANALYSIS = YES;
				CLANG_WARN_STRICT_PROTOTYPES = YES;
				CLANG_WARN_SUSPICIOUS_MOVE = YES;
				CLANG_WARN_UNGUARDED_AVAILABILITY = YES_AGGRESSIVE;
				CLANG_WARN_UNREACHABLE_CODE = YES;
				CLANG_WARN__DUPLICATE_METHOD_MATCH = YES;
				CODE_SIGN_IDENTITY = "iPhone Developer";
				COPY_PHASE_STRIP = NO;
				DEBUG_INFORMATION_FORMAT = dwarf;
				ENABLE_STRICT_OBJC_MSGSEND = YES;
				ENABLE_TESTABILITY = YES;
				GCC_C_LANGUAGE_STANDARD = gnu11;
				GCC_DYNAMIC_NO_PIC = NO;
				GCC_NO_COMMON_BLOCKS = YES;
				GCC_OPTIMIZATION_LEVEL = 0;
				GCC_PREPROCESSOR_DEFINITIONS = (
					"DEBUG=1",
					"$(inherited)",
				);
				GCC_WARN_64_TO_32_BIT_CONVERSION = YES;
				GCC_WARN_ABOUT_RETURN_TYPE = YES_ERROR;
				GCC_WARN_UNDECLARED_SELECTOR = YES;
				GCC_WARN_UNINITIALIZED_AUTOS = YES_AGGRESSIVE;
				GCC_WARN_UNUSED_FUNCTION = YES;
				GCC_WARN_UNUSED_VARIABLE = YES;
				IPHONEOS_DEPLOYMENT_TARGET = 12.1;
				MTL_ENABLE_DEBUG_INFO = INCLUDE_SOURCE;
				MTL_FAST_MATH = YES;
				ONLY_ACTIVE_ARCH = YES;
				SDKROOT = iphoneos;
				SWIFT_ACTIVE_COMPILATION_CONDITIONS = DEBUG;
				SWIFT_OPTIMIZATION_LEVEL = "-Onone";
			};
			name = Debug;
		};
		D855993D236A0AC5009F7618 /* Release */ = {
			isa = XCBuildConfiguration;
			buildSettings = {
				ALWAYS_SEARCH_USER_PATHS = NO;
				CLANG_ANALYZER_NONNULL = YES;
				CLANG_ANALYZER_NUMBER_OBJECT_CONVERSION = YES_AGGRESSIVE;
				CLANG_CXX_LANGUAGE_STANDARD = "gnu++14";
				CLANG_CXX_LIBRARY = "libc++";
				CLANG_ENABLE_MODULES = YES;
				CLANG_ENABLE_OBJC_ARC = YES;
				CLANG_ENABLE_OBJC_WEAK = YES;
				CLANG_WARN_BLOCK_CAPTURE_AUTORELEASING = YES;
				CLANG_WARN_BOOL_CONVERSION = YES;
				CLANG_WARN_COMMA = YES;
				CLANG_WARN_CONSTANT_CONVERSION = YES;
				CLANG_WARN_DEPRECATED_OBJC_IMPLEMENTATIONS = YES;
				CLANG_WARN_DIRECT_OBJC_ISA_USAGE = YES_ERROR;
				CLANG_WARN_DOCUMENTATION_COMMENTS = YES;
				CLANG_WARN_EMPTY_BODY = YES;
				CLANG_WARN_ENUM_CONVERSION = YES;
				CLANG_WARN_INFINITE_RECURSION = YES;
				CLANG_WARN_INT_CONVERSION = YES;
				CLANG_WARN_NON_LITERAL_NULL_CONVERSION = YES;
				CLANG_WARN_OBJC_IMPLICIT_RETAIN_SELF = YES;
				CLANG_WARN_OBJC_LITERAL_CONVERSION = YES;
				CLANG_WARN_OBJC_ROOT_CLASS = YES_ERROR;
				CLANG_WARN_RANGE_LOOP_ANALYSIS = YES;
				CLANG_WARN_STRICT_PROTOTYPES = YES;
				CLANG_WARN_SUSPICIOUS_MOVE = YES;
				CLANG_WARN_UNGUARDED_AVAILABILITY = YES_AGGRESSIVE;
				CLANG_WARN_UNREACHABLE_CODE = YES;
				CLANG_WARN__DUPLICATE_METHOD_MATCH = YES;
				CODE_SIGN_IDENTITY = "iPhone Developer";
				COPY_PHASE_STRIP = NO;
				DEBUG_INFORMATION_FORMAT = "dwarf-with-dsym";
				ENABLE_NS_ASSERTIONS = NO;
				ENABLE_STRICT_OBJC_MSGSEND = YES;
				GCC_C_LANGUAGE_STANDARD = gnu11;
				GCC_NO_COMMON_BLOCKS = YES;
				GCC_WARN_64_TO_32_BIT_CONVERSION = YES;
				GCC_WARN_ABOUT_RETURN_TYPE = YES_ERROR;
				GCC_WARN_UNDECLARED_SELECTOR = YES;
				GCC_WARN_UNINITIALIZED_AUTOS = YES_AGGRESSIVE;
				GCC_WARN_UNUSED_FUNCTION = YES;
				GCC_WARN_UNUSED_VARIABLE = YES;
				IPHONEOS_DEPLOYMENT_TARGET = 12.1;
				MTL_ENABLE_DEBUG_INFO = NO;
				MTL_FAST_MATH = YES;
				SDKROOT = iphoneos;
				SWIFT_COMPILATION_MODE = wholemodule;
				SWIFT_OPTIMIZATION_LEVEL = "-O";
				VALIDATE_PRODUCT = YES;
			};
			name = Release;
		};
		D855993F236A0AC5009F7618 /* Debug */ = {
			isa = XCBuildConfiguration;
			buildSettings = {
				ASSETCATALOG_COMPILER_APPICON_NAME = AppIcon;
				CODE_SIGN_STYLE = Automatic;
				INFOPLIST_FILE = TodoesBase/SupportingFiles/Info.plist;
				LD_RUNPATH_SEARCH_PATHS = (
					"$(inherited)",
					"@executable_path/Frameworks",
				);
				PRODUCT_BUNDLE_IDENTIFIER = br.com.mfelipesp.TodoesBase;
				PRODUCT_NAME = "$(TARGET_NAME)";
				SWIFT_VERSION = 4.2;
				TARGETED_DEVICE_FAMILY = "1,2";
			};
			name = Debug;
		};
		D8559940236A0AC5009F7618 /* Release */ = {
			isa = XCBuildConfiguration;
			buildSettings = {
				ASSETCATALOG_COMPILER_APPICON_NAME = AppIcon;
				CODE_SIGN_STYLE = Automatic;
				INFOPLIST_FILE = TodoesBase/SupportingFiles/Info.plist;
				LD_RUNPATH_SEARCH_PATHS = (
					"$(inherited)",
					"@executable_path/Frameworks",
				);
				PRODUCT_BUNDLE_IDENTIFIER = br.com.mfelipesp.TodoesBase;
				PRODUCT_NAME = "$(TARGET_NAME)";
				SWIFT_VERSION = 4.2;
				TARGETED_DEVICE_FAMILY = "1,2";
			};
			name = Release;
		};
		D8559942236A0AC5009F7618 /* Debug */ = {
			isa = XCBuildConfiguration;
			buildSettings = {
				ALWAYS_EMBED_SWIFT_STANDARD_LIBRARIES = YES;
				BUNDLE_LOADER = "$(TEST_HOST)";
				CODE_SIGN_STYLE = Automatic;
				INFOPLIST_FILE = TodoesBaseTests/Info.plist;
				LD_RUNPATH_SEARCH_PATHS = (
					"$(inherited)",
					"@executable_path/Frameworks",
					"@loader_path/Frameworks",
				);
				PRODUCT_BUNDLE_IDENTIFIER = br.com.mfelipesp.TodoesBaseTests;
				PRODUCT_NAME = "$(TARGET_NAME)";
				SWIFT_VERSION = 4.2;
				TARGETED_DEVICE_FAMILY = "1,2";
				TEST_HOST = "$(BUILT_PRODUCTS_DIR)/TodoesBase.app/TodoesBase";
			};
			name = Debug;
		};
		D8559943236A0AC5009F7618 /* Release */ = {
			isa = XCBuildConfiguration;
			buildSettings = {
				ALWAYS_EMBED_SWIFT_STANDARD_LIBRARIES = YES;
				BUNDLE_LOADER = "$(TEST_HOST)";
				CODE_SIGN_STYLE = Automatic;
				INFOPLIST_FILE = TodoesBaseTests/Info.plist;
				LD_RUNPATH_SEARCH_PATHS = (
					"$(inherited)",
					"@executable_path/Frameworks",
					"@loader_path/Frameworks",
				);
				PRODUCT_BUNDLE_IDENTIFIER = br.com.mfelipesp.TodoesBaseTests;
				PRODUCT_NAME = "$(TARGET_NAME)";
				SWIFT_VERSION = 4.2;
				TARGETED_DEVICE_FAMILY = "1,2";
				TEST_HOST = "$(BUILT_PRODUCTS_DIR)/TodoesBase.app/TodoesBase";
			};
			name = Release;
		};
/* End XCBuildConfiguration section */

/* Begin XCConfigurationList section */
		D8559919236A0AC1009F7618 /* Build configuration list for PBXProject "TodoesBase" */ = {
			isa = XCConfigurationList;
			buildConfigurations = (
				D855993C236A0AC5009F7618 /* Debug */,
				D855993D236A0AC5009F7618 /* Release */,
			);
			defaultConfigurationIsVisible = 0;
			defaultConfigurationName = Release;
		};
		D855993E236A0AC5009F7618 /* Build configuration list for PBXNativeTarget "TodoesBase" */ = {
			isa = XCConfigurationList;
			buildConfigurations = (
				D855993F236A0AC5009F7618 /* Debug */,
				D8559940236A0AC5009F7618 /* Release */,
			);
			defaultConfigurationIsVisible = 0;
			defaultConfigurationName = Release;
		};
		D8559941236A0AC5009F7618 /* Build configuration list for PBXNativeTarget "TodoesBaseTests" */ = {
			isa = XCConfigurationList;
			buildConfigurations = (
				D8559942236A0AC5009F7618 /* Debug */,
				D8559943236A0AC5009F7618 /* Release */,
			);
			defaultConfigurationIsVisible = 0;
			defaultConfigurationName = Release;
		};
/* End XCConfigurationList section */

/* Begin XCVersionGroup section */
		D8559928236A0AC1009F7618 /* TodoesBase.xcdatamodeld */ = {
			isa = XCVersionGroup;
			children = (
				D86577F0236A2BCD009F1CF9 /* TodoesBase v2.xcdatamodel */,
				D8559929236A0AC1009F7618 /* TodoesBase.xcdatamodel */,
			);
			currentVersion = D86577F0236A2BCD009F1CF9 /* TodoesBase v2.xcdatamodel */;
			path = TodoesBase.xcdatamodeld;
			sourceTree = "<group>";
			versionGroupType = wrapper.xcdatamodel;
		};
/* End XCVersionGroup section */
	};
	rootObject = D8559916236A0AC1009F7618 /* Project object */;
}
